
Microsoft Visual Studio Solution File, Format Version 12.00
# Visual Studio Version 17
VisualStudioVersion = 17.14.36017.23 d17.14
MinimumVisualStudioVersion = 10.0.40219.1
Project("{FAE04EC0-301F-11D3-BF4B-00C04F79EFBC}") = "PublisherConsole", "PublisherConsole\PublisherConsole.csproj", "{1F204865-C3DB-4D0A-B3BD-521DCA50A710}"
EndProject
Project("{FAE04EC0-301F-11D3-BF4B-00C04F79EFBC}") = "PublisherDomain", "PublisherDomain\PublisherDomain.csproj", "{C5A47C59-FF1B-4CC3-AE03-27BB0C4D25DE}"
EndProject
Project("{FAE04EC0-301F-11D3-BF4B-00C04F79EFBC}") = "PublisherData", "PublisherData\PublisherData.csproj", "{55B60746-053C-48CF-8CDC-036EFD1E62DD}"
EndProject
Global
	GlobalSection(SolutionConfigurationPlatforms) = preSolution
		Debug|Any CPU = Debug|Any CPU
		Release|Any CPU = Release|Any CPU
	EndGlobalSection
	GlobalSection(ProjectConfigurationPlatforms) = postSolution
		{1F204865-C3DB-4D0A-B3BD-521DCA50A710}.Debug|Any CPU.ActiveCfg = Debug|Any CPU
		{1F204865-C3DB-4D0A-B3BD-521DCA50A710}.Debug|Any CPU.Build.0 = Debug|Any CPU
		{1F204865-C3DB-4D0A-B3BD-521DCA50A710}.Release|Any CPU.ActiveCfg = Release|Any CPU
		{1F204865-C3DB-4D0A-B3BD-521DCA50A710}.Release|Any CPU.Build.0 = Release|Any CPU
		{C5A47C59-FF1B-4CC3-AE03-27BB0C4D25DE}.Debug|Any CPU.ActiveCfg = Debug|Any CPU
		{C5A47C59-FF1B-4CC3-AE03-27BB0C4D25DE}.Debug|Any CPU.Build.0 = Debug|Any CPU
		{C5A47C59-FF1B-4CC3-AE03-27BB0C4D25DE}.Release|Any CPU.ActiveCfg = Release|Any CPU
		{C5A47C59-FF1B-4CC3-AE03-27BB0C4D25DE}.Release|Any CPU.Build.0 = Release|Any CPU
		{55B60746-053C-48CF-8CDC-036EFD1E62DD}.Debug|Any CPU.ActiveCfg = Debug|Any CPU
		{55B60746-053C-48CF-8CDC-036EFD1E62DD}.Debug|Any CPU.Build.0 = Debug|Any CPU
		{55B60746-053C-48CF-8CDC-036EFD1E62DD}.Release|Any CPU.ActiveCfg = Release|Any CPU
		{55B60746-053C-48CF-8CDC-036EFD1E62DD}.Release|Any CPU.Build.0 = Release|Any CPU
	EndGlobalSection
	GlobalSection(SolutionProperties) = preSolution
		HideSolutionNode = FALSE
	EndGlobalSection
	GlobalSection(ExtensibilityGlobals) = postSolution
		SolutionGuid = {FA0E8BEE-A15C-435B-9062-5876C1DDE986}
	EndGlobalSection
EndGlobal
